github.com/bots-go-framework/bots-api-telegram v0.4.2 h1:q7lay0h2vzebGcTqi6Z3/qDQnUIa+ejFx9gBnHxpIRw=
github.com/bots-go-framework/bots-api-telegram v0.4.2/go.mod h1:P8MopSqY7hQvEPZxgkRz2Tg1s3T2HefLwhkW8ObzNtA=
github.com/bots-go-framework/bots-fw v0.23.3 h1:lFgv1BmbGuBW8/9BCfw/P+EIA8aZbSRW09SNZ3pOOic=
github.com/bots-go-framework/bots-fw v0.23.3/go.mod h1:b7nmnKYjWSbV6zxsx5RS10heRy4BFJ5iWGvncMsqheI=
github.com/bots-go-framework/bots-fw-store v0.4.0 h1:5gQNsMNJ2rni3uGvXt7TeG+V7LFJ6lNIDkAC9g9J/us=
github.com/bots-go-framework/bots-fw-store v0.4.0/go.mod h1:T2yX1QodQ9A1nep/aIAL/czt9adqMyIBVTGOAdNVPAI=
github.com/bots-go-framework/bots-fw-telegram-models v0.0.15 h1:V0jEZ6RmwKVgVPrfWADXiYiSYpa+rna3SBho8euHU8c=
github.com/bots-go-framework/bots-fw-telegram-models v0.0.15/go.mod h1:Zl9bA1OJe+5yAt9x76s+fNNXcmeD1Kei1ogvPRb22/M=
github.com/bots-go-framework/bots-fw-telegram-models v0.0.16 h1:f9v1EJjIyiIpaeJiNR9IUvnVX5XLka4Wn8dVpkdNMXc=
github.com/bots-go-framework/bots-fw-telegram-models v0.0.16/go.mod h1:7LkpU06SvWDV4Y1y+8IGGowAn2Z8skZQiGJ6cRzAWYg=
github.com/bots-go-framework/bots-go-core v0.0.2 h1:3F/czNOLZCO5rco1Zr9rATLvJrze5PZpa2dMRv4ON+M=
github.com/bots-go-framework/bots-go-core v0.0.2/go.mod h1:u4r0W8t+n/07ulLlPZT3rdCt+mb5WHXP72z4oeTJVN0=
github.com/dal-go/dalgo v0.12.0 h1:giibzqo6mIkU06b0r4uKb3ZEa2agtj1qnL8RNa6sOBM=
github.com/dal-go/dalgo v0.12.0/go.mod h1:741DXTLpQfmvkazyEiivX8OBFylpzS1QErdh/6WquqI=
github.com/davecgh/go-spew v1.1.1 h1:vj9j/u1bqnvCEfJOwUhtlOARqs3+rkHYY13jYWTU97c=
github.com/davecgh/go-spew v1.1.1/go.mod h1:J7Y8YcW2NihsgmVo/mv3lAwl/skON4iLHjSsI+c5H38=
github.com/pmezard/go-difflib v1.0.0 h1:4DBwDE0NGyQoBHbLQYPwSUPoCMWR5BEzIk/f1lZbAQM=
github.com/pmezard/go-difflib v1.0.0/go.mod h1:iKH77koFhYxTK1pcRnkKkqfTogsbg7gZNVY4sRDYZ/4=
github.com/pquerna/ffjson v0.0.0-20190930134022-aa0246cd15f7 h1:xoIK0ctDddBMnc74udxJYBqlo9Ylnsp1waqjLsnef20=
github.com/pquerna/ffjson v0.0.0-20190930134022-aa0246cd15f7/go.mod h1:YARuvh7BUWHNhzDq2OM5tzR2RiCcN2D7sapiKyCel/M=
github.com/stretchr/testify v1.8.4 h1:CcVxjf3Q8PM0mHUKJCdn+eZZtm5yQwehR5yeSVQQcUk=
github.com/stretchr/testify v1.8.4/go.mod h1:sz/lmYIOXD/1dqDmKjjqLyZ2RngseejIcXlSw2iwfAo=
github.com/strongo/gamp v0.0.1 h1:b6vzHUzNvbPOhzPtIja1NqKf8GQqrJWjs2gninQPZac=
github.com/strongo/gamp v0.0.1/go.mod h1:ZcVVIzSQFygVehdtGh6KYmcp1eOacuEKb9th81WcUOw=
github.com/strongo/i18n v0.0.4 h1:48DQrrlqTlZBi7uFbyruOVsSfr+X24RmO59FaOXLWGQ=
github.com/strongo/i18n v0.0.4/go.mod h1:4jBQ4PJ3Uiri2Y+LHJ5/o1nB1H2ToddRW/yZXSOTUjE=
github.com/strongo/log v0.3.0 h1:89rh62SdO9TNTd8/pzhMSdGCmZwFDXHWm5ZtJvp0Wcg=
github.com/strongo/log v0.3.0/go.mod h1:C0OyprbH7WjyhcZXdveDiu5n0vxB8qZ1rQXxtUqx8y4=
github.com/strongo/random v0.0.1 h1:OZHJBb/3uEa7OX8L2Dv2pLnSeewRmXMyTACoeto6O8I=
github.com/strongo/random v0.0.1/go.mod h1:/pSI+SjBNLBkjljNtVdYr6ERddA+LqSa87o0/s+9iuU=
github.com/strongo/strongoapp v0.9.1 h1:M3JqRZtqftTHGqnekW3ncNYYqLv2B1weye7yhPIG9ms=
github.com/strongo/strongoapp v0.9.1/go.mod h1:UWRe4rYG7val1PRumvd+V1TbCHmckfHr3DQ+OzvYnqo=
github.com/strongo/validation v0.0.6 h1:RskXD45ILagVW3jmuKUiq7WshE4kmoQEiUbgfigqHzw=
github.com/strongo/validation v0.0.6/go.mod h1:V4Nu8b8CPsLNwYLKmMHN2ghkoabOpiOW8NNcUczuCWE=
github.com/technoweenie/multipartstreamer v1.0.1 h1:XRztA5MXiR1TIRHxH2uNxXxaIkKQDeX7m2XsSOlQEnM=
github.com/technoweenie/multipartstreamer v1.0.1/go.mod h1:jNVxdtShOxzAsukZwTSw6MDx5eUJoiEBsSvzDU9uzog=
gopkg.in/yaml.v3 v3.0.1 h1:fxVm/GzAzEWqLHuvctI91KS9hhNmmWOoWu0XTYJS7CA=
gopkg.in/yaml.v3 v3.0.1/go.mod h1:K4uyk7z7BCEPqu6E+C64Yfv1cQ7kz7rIZviUmN+EgEM=
