github.com/bots-go-framework/bots-api-telegram v0.4.1 h1:JCaz3XBiEYUZAhNoqy2mEuFAS7FiufFFQYyoaxv6BP0=
github.com/bots-go-framework/bots-api-telegram v0.4.1/go.mod h1:8Moflzb9qwFY4TbZO25irISFEYuYo/xb3h92owP4RKI=
github.com/bots-go-framework/bots-fw v0.21.2 h1:3zOglBq59TrZBEQY0zFX9mge3EKxn+ycjr9Wct+Lj28=
github.com/bots-go-framework/bots-fw v0.21.2/go.mod h1:XP9QurPZZWoZMa6Tn0q8z79OcOAq9SNqFujGROhKmfk=
github.com/bots-go-framework/bots-fw v0.21.3 h1:8bFrmn6Z/uvuQrfeosmgDX+1LXiaJAG+myrIiDUGIds=
github.com/bots-go-framework/bots-fw v0.21.3/go.mod h1:Wof/uyQjR/Q2tAHX32ZVJbMKnPHyQxFP4jw9qS8UarU=
github.com/bots-go-framework/bots-fw v0.21.4 h1:vbFSdhig2PpekzqWWljktMOAzamaYN5RepR360MSoFw=
github.com/bots-go-framework/bots-fw v0.21.4/go.mod h1:nSvXhZx5cui5Sexyk4DNFTPs6TUolvjz2XFX6mNy7cI=
github.com/bots-go-framework/bots-fw v0.21.5 h1:wgJDKfq/IDPk+4tq8UQGedXtEaj4w18efsDdLS6HjP0=
github.com/bots-go-framework/bots-fw v0.21.5/go.mod h1:U+CT3TicUjjNDX5IjjFqZYGCULgwU6d2THOh6zpxjfo=
github.com/bots-go-framework/bots-fw-store v0.1.0 h1:Ob2r28xC2Qui8a5vAskBI0YpiMncYnyhXoKnpBn5BdU=
github.com/bots-go-framework/bots-fw-store v0.1.0/go.mod h1:XkLKnHugQ98Wr5VIlw2YuRYJNMcqqYDDw/j47plxmBY=
github.com/bots-go-framework/bots-fw-telegram-models v0.0.13 h1:nfFE6Vm3b0PDStvU0sBW9+q/J0mR0soBkC/bJvoBxdk=
github.com/bots-go-framework/bots-fw-telegram-models v0.0.13/go.mod h1:iV24rZxN9vRmXfTUnxQUQFoR52maLZ5TLIvtfwf7UxI=
github.com/bots-go-framework/bots-go-core v0.0.1 h1:Br7j+Ir3R6U8x1mnFZFq1G1K0bupJhLvdF8TIqI/7i8=
github.com/bots-go-framework/bots-go-core v0.0.1/go.mod h1:txRZn1MlcJEiCUra3bQtpkt9IM2EFGaeUvqS1VLyl30=
github.com/creack/pty v1.1.9/go.mod h1:oKZEueFk5CKHvIhNR5MUki03XCEU+Q6VDXinZuGJ33E=
github.com/dal-go/dalgo v0.10.0 h1:XtUHTzSExTPlVVR1i3GqfNxH1qnoUBp+DHCif6N1r6U=
github.com/dal-go/dalgo v0.10.0/go.mod h1:741DXTLpQfmvkazyEiivX8OBFylpzS1QErdh/6WquqI=
github.com/dal-go/dalgo v0.10.1 h1:sOSAYitaKfuR9X3MUZ7/3jo+5z8rmfmUdlaNMEkKkAQ=
github.com/dal-go/dalgo v0.10.1/go.mod h1:741DXTLpQfmvkazyEiivX8OBFylpzS1QErdh/6WquqI=
github.com/dal-go/dalgo v0.10.2 h1:kBVNpH3wRK4uP9eBwMYsL5U5QjvPX8jYcZAgJgaG2tE=
github.com/dal-go/dalgo v0.10.2/go.mod h1:741DXTLpQfmvkazyEiivX8OBFylpzS1QErdh/6WquqI=
github.com/dal-go/dalgo v0.12.0 h1:giibzqo6mIkU06b0r4uKb3ZEa2agtj1qnL8RNa6sOBM=
github.com/dal-go/dalgo v0.12.0/go.mod h1:741DXTLpQfmvkazyEiivX8OBFylpzS1QErdh/6WquqI=
github.com/davecgh/go-spew v1.1.1 h1:vj9j/u1bqnvCEfJOwUhtlOARqs3+rkHYY13jYWTU97c=
github.com/davecgh/go-spew v1.1.1/go.mod h1:J7Y8YcW2NihsgmVo/mv3lAwl/skON4iLHjSsI+c5H38=
github.com/kr/pretty v0.3.1 h1:flRD4NNwYAUpkphVc1HcthR4KEIFJ65n8Mw5qdRn3LE=
github.com/kr/text v0.2.0 h1:5Nx0Ya0ZqY2ygV366QzturHI13Jq95ApcVaJBhpS+AY=
github.com/kr/text v0.2.0/go.mod h1:eLer722TekiGuMkidMxC/pM04lWEeraHUUmBw8l2grE=
github.com/pmezard/go-difflib v1.0.0 h1:4DBwDE0NGyQoBHbLQYPwSUPoCMWR5BEzIk/f1lZbAQM=
github.com/pmezard/go-difflib v1.0.0/go.mod h1:iKH77koFhYxTK1pcRnkKkqfTogsbg7gZNVY4sRDYZ/4=
github.com/pquerna/ffjson v0.0.0-20190930134022-aa0246cd15f7 h1:xoIK0ctDddBMnc74udxJYBqlo9Ylnsp1waqjLsnef20=
github.com/pquerna/ffjson v0.0.0-20190930134022-aa0246cd15f7/go.mod h1:YARuvh7BUWHNhzDq2OM5tzR2RiCcN2D7sapiKyCel/M=
github.com/rogpeppe/go-internal v1.11.0 h1:cWPaGQEPrBb5/AsnsZesgZZ9yb1OQ+GOISoDNXVBh4M=
github.com/rogpeppe/go-internal v1.11.0/go.mod h1:ddIwULY96R17DhadqLgMfk9H9tvdUzkipdSkR5nkCZA=
github.com/stretchr/testify v1.8.4 h1:CcVxjf3Q8PM0mHUKJCdn+eZZtm5yQwehR5yeSVQQcUk=
github.com/stretchr/testify v1.8.4/go.mod h1:sz/lmYIOXD/1dqDmKjjqLyZ2RngseejIcXlSw2iwfAo=
github.com/strongo/app v0.5.7 h1:Qm4YNBmCti0ewDeSqp/8hhXrD7UOHLsk5Lp0yjgOQGI=
github.com/strongo/app v0.5.7/go.mod h1:3sv0TgKPA03wHoJX5d4zn7gqwxaxGAKthvyvVZd+Q0Y=
github.com/strongo/gamp v0.0.1 h1:b6vzHUzNvbPOhzPtIja1NqKf8GQqrJWjs2gninQPZac=
github.com/strongo/gamp v0.0.1/go.mod h1:ZcVVIzSQFygVehdtGh6KYmcp1eOacuEKb9th81WcUOw=
github.com/strongo/i18n v0.0.4 h1:48DQrrlqTlZBi7uFbyruOVsSfr+X24RmO59FaOXLWGQ=
github.com/strongo/i18n v0.0.4/go.mod h1:4jBQ4PJ3Uiri2Y+LHJ5/o1nB1H2ToddRW/yZXSOTUjE=
github.com/strongo/log v0.3.0 h1:89rh62SdO9TNTd8/pzhMSdGCmZwFDXHWm5ZtJvp0Wcg=
github.com/strongo/log v0.3.0/go.mod h1:C0OyprbH7WjyhcZXdveDiu5n0vxB8qZ1rQXxtUqx8y4=
github.com/strongo/random v0.0.1 h1:OZHJBb/3uEa7OX8L2Dv2pLnSeewRmXMyTACoeto6O8I=
github.com/strongo/random v0.0.1/go.mod h1:/pSI+SjBNLBkjljNtVdYr6ERddA+LqSa87o0/s+9iuU=
github.com/strongo/validation v0.0.5 h1:O+eJM06v+rR+ZUua7kBi1JCK4a7JXMlkS7pmXkhxFJc=
github.com/strongo/validation v0.0.5/go.mod h1:euQ9ywYwBASSnCLSYOx8JW0u4/71yfbeZhBQJv93dZg=
github.com/technoweenie/multipartstreamer v1.0.1 h1:XRztA5MXiR1TIRHxH2uNxXxaIkKQDeX7m2XsSOlQEnM=
github.com/technoweenie/multipartstreamer v1.0.1/go.mod h1:jNVxdtShOxzAsukZwTSw6MDx5eUJoiEBsSvzDU9uzog=
gopkg.in/check.v1 v0.0.0-20161208181325-20d25e280405/go.mod h1:Co6ibVJAznAaIkqp8huTwlJQCZ016jof/cbN4VW5Yz0=
gopkg.in/check.v1 v1.0.0-20201130134442-10cb98267c6c h1:Hei/4ADfdWqJk1ZMxUNpqntNwaWcugrBjAiHlqqRiVk=
gopkg.in/yaml.v3 v3.0.1 h1:fxVm/GzAzEWqLHuvctI91KS9hhNmmWOoWu0XTYJS7CA=
gopkg.in/yaml.v3 v3.0.1/go.mod h1:K4uyk7z7BCEPqu6E+C64Yfv1cQ7kz7rIZviUmN+EgEM=
