github.com/alexsergivan/transliterator v1.0.1 h1:vON2ilWCHjq+S5Y4obhLGhHK4Y1VIhsHEtQlij5d9pI=
github.com/alexsergivan/transliterator v1.0.1/go.mod h1:0IrumukulURJ4PD0z6UcdJKP2job1DYDhnHAP5y+5pE=
github.com/bots-go-framework/bots-api-telegram v0.7.1 h1:6/cWmfPkohKpKXGseAjAuMPMY7/0BKH6iHh73zOimlA=
github.com/bots-go-framework/bots-api-telegram v0.7.1/go.mod h1:Ycs+3if2coAUa8J5RVKd5jnQ3scQjm4PvPGQ79BFr+k=
github.com/bots-go-framework/bots-api-telegram v0.7.2 h1:opeFCvSlmMdm84WbJhXjqg7noPiW4Xyj4o5qx3zCBuI=
github.com/bots-go-framework/bots-api-telegram v0.7.2/go.mod h1:BGnZGzmMX9x9/18W6BT2j8BU3LZXypj2rYuZfqgq87o=
github.com/bots-go-framework/bots-api-telegram v0.7.3 h1:zGbyTxggz6NPyhCjmJPLZyd3GL1fltjA7xhSnVvbNqA=
github.com/bots-go-framework/bots-api-telegram v0.7.3/go.mod h1:aY3y10SeCY4K3pHOrqOxXImjs8CfYD7n71Q5VZXKkJw=
github.com/bots-go-framework/bots-fw v0.38.2 h1:8w06QdDbQnc80dRRxipZCoAeXS92r1ife6XUXego36s=
github.com/bots-go-framework/bots-fw v0.38.2/go.mod h1:rvwJ5HFLiRpaNypXPO8fEDcf5/oJOmOEs5/fH+1vVV0=
github.com/bots-go-framework/bots-fw v0.40.1 h1:9WM2T498HT0rEf+6TIMexPx2y00Leycujrf6BMidXSY=
github.com/bots-go-framework/bots-fw v0.40.1/go.mod h1:Qcb4XDKsVsvd3fBBkzqb269sHFqsTvixSGg9bJspC1w=
github.com/bots-go-framework/bots-fw v0.40.2 h1:UZKnhnrNa1InRJVV20XSdZqZ6C1DTZNuUoKZmJkG0KE=
github.com/bots-go-framework/bots-fw v0.40.2/go.mod h1:C9nvU/h8k2gBfB/bCoCax8g3iDclrdH1g+YSafPyWDk=
github.com/bots-go-framework/bots-fw v0.40.4 h1:+PtLDbWUvr2J9xUnKtUTxAQl0Ka25ZjBxL2KYQ+m200=
github.com/bots-go-framework/bots-fw v0.40.4/go.mod h1:KeNhMTMTiCymF8OeCADxTljQa8igCmSSqL2gqnr6W+A=
github.com/bots-go-framework/bots-fw v0.40.6 h1:GpsqOuELd9VuV7qBuKTv9ospkIrwh8TF3Aj2724BiF8=
github.com/bots-go-framework/bots-fw v0.40.6/go.mod h1:baBLMsoY14odhgYBCtsWr3e3scD9FgoWyK0E5FQY4i4=
github.com/bots-go-framework/bots-fw-store v0.8.2 h1:Ss2ZRFoBeNgEy1TWzRIoVdERMoAv1kp9GlJvq3EbiHo=
github.com/bots-go-framework/bots-fw-store v0.8.2/go.mod h1:ZxeNr86seS59kKyf9zol15vdZEcH+1CjjzHOFokGrVI=
github.com/bots-go-framework/bots-fw-telegram-models v0.3.4 h1:THQk9o0XzgEgRfBOxUVxXaj2hfUgkeWBW42CWugUnlI=
github.com/bots-go-framework/bots-fw-telegram-models v0.3.4/go.mod h1:V5qMb0S/p2bE3ENF1NmO0c9M4iPUnEPwmn++d1yM32Q=
github.com/bots-go-framework/bots-fw-telegram-models v0.3.5 h1:zI/tAHp0sN95JoSJu0N6PEs9eHhKiva+6EHsgCzLWqo=
github.com/bots-go-framework/bots-fw-telegram-models v0.3.5/go.mod h1:j8QAZLDai9VgDcbrmPyK0q7ppPyYRN8TwZdscFtzxFE=
github.com/bots-go-framework/bots-fw-telegram-models v0.3.6 h1:52xN830PivHgRtpKiWTunXU62zfI6rj5DfVaVoLDMbs=
github.com/bots-go-framework/bots-fw-telegram-models v0.3.6/go.mod h1:OUhxcMkO8VSDOeJLjmGe2jjHiRHr8TsTYi7R+pT1zqU=
github.com/bots-go-framework/bots-fw-telegram-models v0.3.7 h1:vT8HUFEjJ0gCzfuIwtpOlI2xklV5M5tYsk7EIYDwOLI=
github.com/bots-go-framework/bots-fw-telegram-models v0.3.7/go.mod h1:2VLh0jRUWm1bWi/ph0+Hly9CHidON7lNPVCjF4Mu5as=
github.com/bots-go-framework/bots-fw-telegram-models v0.3.8 h1:BeyoBAp/D1T1q4gsRTfll2B9qj36LNektJ+/SHMdqmM=
github.com/bots-go-framework/bots-fw-telegram-models v0.3.8/go.mod h1:sM6X2PI21CofxPD5NJrScZT7pFE20VSsGacOeDWXSrA=
github.com/bots-go-framework/bots-fw-telegram-models v0.3.9 h1:JKr0um6N1AEGEqmXTt3/0Chpb3nSa8jsDW6VUFRdOsw=
github.com/bots-go-framework/bots-fw-telegram-models v0.3.9/go.mod h1:z/AIwD4Myx8MQ3Ag0uODcw+biot49CY8RVJc2DmNbQU=
github.com/bots-go-framework/bots-go-core v0.0.3 h1:z3A7DLUgxbHWxvTCGnkHP9WHpTT9xxROEypoqAfvYIQ=
github.com/bots-go-framework/bots-go-core v0.0.3/go.mod h1:XCn9z4TI8sbgwyus+VDzw7iMY2QCPWEAvl23GMDjeEU=
github.com/dal-go/dalgo v0.13.1 h1:vRV4dGpBKaRYteJRIbDTh+7lqS/7Gs8ns3ij3jEy/Ug=
github.com/dal-go/dalgo v0.13.1/go.mod h1:tErF10bqQiNrwJQ5qwL3kwoaUa6dDq4z3X3pdChr3Ms=
github.com/dal-go/dalgo v0.13.2 h1:q1NKsfn9vX90ugMyFp+yNVUyS4ykD/sjXpXibyx1Fb8=
github.com/dal-go/dalgo v0.13.2/go.mod h1:tErF10bqQiNrwJQ5qwL3kwoaUa6dDq4z3X3pdChr3Ms=
github.com/dal-go/dalgo v0.14.0 h1:XhEmNfbCtV5ISxzFBE/Bk7W8OpWePYRmlvlJ/8Jk+dQ=
github.com/dal-go/dalgo v0.14.0/go.mod h1:tErF10bqQiNrwJQ5qwL3kwoaUa6dDq4z3X3pdChr3Ms=
github.com/dal-go/dalgo v0.14.1 h1:AMSPsFjFH4iZ1JegHdBeouzpZ4frsLnsHxBSaV+8Wgs=
github.com/dal-go/dalgo v0.14.1/go.mod h1:BoMNGwDE9FdjynV7xCn5f/GdVJxvfePwjsMldn+BhqA=
github.com/dal-go/dalgo v0.14.2 h1:e7T9D2Hiv9ryMWTdJd9OmnM2ilfsX3dxQOU6wbskDqc=
github.com/dal-go/dalgo v0.14.2/go.mod h1:BoMNGwDE9FdjynV7xCn5f/GdVJxvfePwjsMldn+BhqA=
github.com/davecgh/go-spew v1.1.0/go.mod h1:J7Y8YcW2NihsgmVo/mv3lAwl/skON4iLHjSsI+c5H38=
github.com/davecgh/go-spew v1.1.1 h1:vj9j/u1bqnvCEfJOwUhtlOARqs3+rkHYY13jYWTU97c=
github.com/davecgh/go-spew v1.1.1/go.mod h1:J7Y8YcW2NihsgmVo/mv3lAwl/skON4iLHjSsI+c5H38=
github.com/pmezard/go-difflib v1.0.0 h1:4DBwDE0NGyQoBHbLQYPwSUPoCMWR5BEzIk/f1lZbAQM=
github.com/pmezard/go-difflib v1.0.0/go.mod h1:iKH77koFhYxTK1pcRnkKkqfTogsbg7gZNVY4sRDYZ/4=
github.com/pquerna/ffjson v0.0.0-20190930134022-aa0246cd15f7 h1:xoIK0ctDddBMnc74udxJYBqlo9Ylnsp1waqjLsnef20=
github.com/pquerna/ffjson v0.0.0-20190930134022-aa0246cd15f7/go.mod h1:YARuvh7BUWHNhzDq2OM5tzR2RiCcN2D7sapiKyCel/M=
github.com/stretchr/objx v0.1.0/go.mod h1:HFkY916IF+rwdDfMAkV7OtwuqBVzrE8GR6GFx+wExME=
github.com/stretchr/testify v1.5.1/go.mod h1:5W2xD1RspED5o8YsWQXVCued0rvSQ+mT+I5cxcmMvtA=
github.com/stretchr/testify v1.9.0 h1:HtqpIVDClZ4nwg75+f6Lvsy/wHu+3BoSGCbBAcpTsTg=
github.com/stretchr/testify v1.9.0/go.mod h1:r2ic/lqez/lEtzL7wO/rwa5dbSLXVDPFyf8C91i36aY=
github.com/strongo/gamp v0.0.1 h1:b6vzHUzNvbPOhzPtIja1NqKf8GQqrJWjs2gninQPZac=
github.com/strongo/gamp v0.0.1/go.mod h1:ZcVVIzSQFygVehdtGh6KYmcp1eOacuEKb9th81WcUOw=
github.com/strongo/i18n v0.2.1 h1:SXvX1cseCNIzfRfkkLNdpU0a6AUX5KaB4+JbgYch13k=
github.com/strongo/i18n v0.2.1/go.mod h1:4jBQ4PJ3Uiri2Y+LHJ5/o1nB1H2ToddRW/yZXSOTUjE=
github.com/strongo/i18n v0.6.1 h1:hNtpU97R5xYavf6n2wfRFWGZHjRZ2lHmube0t2+FHFE=
github.com/strongo/i18n v0.6.1/go.mod h1:4jBQ4PJ3Uiri2Y+LHJ5/o1nB1H2ToddRW/yZXSOTUjE=
github.com/strongo/logus v0.2.0 h1:IbLupLW9WMIwjefJF+u9/Ajlaw6ysFuEeKQxOFX5tOE=
github.com/strongo/logus v0.2.0/go.mod h1:sd8gjJklqGQAg+Q0mlP5MWgzguAuxR25YYFSkfVOPdc=
github.com/strongo/logus v0.2.1 h1:ZzAtdSg6PPF1Y43WbNWl7MH1XYl7kvKMxyxv/lpbadI=
github.com/strongo/logus v0.2.1/go.mod h1:sd8gjJklqGQAg+Q0mlP5MWgzguAuxR25YYFSkfVOPdc=
github.com/strongo/random v0.0.1 h1:OZHJBb/3uEa7OX8L2Dv2pLnSeewRmXMyTACoeto6O8I=
github.com/strongo/random v0.0.1/go.mod h1:/pSI+SjBNLBkjljNtVdYr6ERddA+LqSa87o0/s+9iuU=
github.com/strongo/strongoapp v0.24.3 h1:+5pXWoaeD81BnjIHOYqpdGbK6syeEDV7RTCnBi+ywLI=
github.com/strongo/strongoapp v0.24.3/go.mod h1:lmqjpbP+aTKJLN0R+M+jwpe6Kf8+t1X30cyc6GlGoW4=
github.com/strongo/strongoapp v0.25.0 h1:KJyDaD14PIs55S4hw15QrIMbHBPkAor9ezgpOxKRaiE=
github.com/strongo/strongoapp v0.25.0/go.mod h1:in5y6+4D6BWSrlZHNIEeY6HX8iWWJwVUjYNYr8FgGJk=
github.com/strongo/strongoapp v0.25.1 h1:YIcfp32bBPLOnn9d/cY6zEPQcdj2Eaz0YhV6gRAPPz4=
github.com/strongo/strongoapp v0.25.1/go.mod h1:g9mNHyUZMKHFB9Il4lG+EMCzZFWle/kcVOayfcMHROU=
github.com/strongo/strongoapp v0.25.2 h1:a6VUj/05eaJ8hWxdHsGRPncz5Ezq+w3cQgNmwqR0R9E=
github.com/strongo/strongoapp v0.25.2/go.mod h1:DVwHFNNiC88gnW8iy3ggRrnAnI4oVTYyIdLeXPSNuLs=
github.com/strongo/strongoapp v0.25.4 h1:AD9GrtuHXS4A6Hvv3yjPdSnOwxMt7gopMvukt/egFPk=
github.com/strongo/strongoapp v0.25.4/go.mod h1:0ZHjfOhfg1za8ouzLoMoID7Qn3fg5IMDdjDt69xUAYI=
github.com/strongo/strongoapp v0.25.5 h1:MOb3JYiyZX0g+AswccUGYW7J/tO1b9oPWa+UZj+5+x4=
github.com/strongo/strongoapp v0.25.5/go.mod h1:jCdLBw1iXnG0mMu9RxET2lIfriBO4Q1qdNEbX8sAAkE=
github.com/strongo/validation v0.0.7 h1:gs6YkwPsYtVsepQaQOB+ZF+T0Gu5+nk4ZMND8F85e+U=
github.com/strongo/validation v0.0.7/go.mod h1:YUwoPEItLJd/Bc9X1OCUm03ofhvm3kwZvuihU7/jz58=
github.com/technoweenie/multipartstreamer v1.0.1 h1:XRztA5MXiR1TIRHxH2uNxXxaIkKQDeX7m2XsSOlQEnM=
github.com/technoweenie/multipartstreamer v1.0.1/go.mod h1:jNVxdtShOxzAsukZwTSw6MDx5eUJoiEBsSvzDU9uzog=
gopkg.in/check.v1 v0.0.0-20161208181325-20d25e280405/go.mod h1:Co6ibVJAznAaIkqp8huTwlJQCZ016jof/cbN4VW5Yz0=
gopkg.in/yaml.v2 v2.2.2/go.mod h1:hI93XBmqTisBFMUTm0b8Fm+jr3Dg1NNxqwp+5A1VGuI=
gopkg.in/yaml.v3 v3.0.1 h1:fxVm/GzAzEWqLHuvctI91KS9hhNmmWOoWu0XTYJS7CA=
gopkg.in/yaml.v3 v3.0.1/go.mod h1:K4uyk7z7BCEPqu6E+C64Yfv1cQ7kz7rIZviUmN+EgEM=
